
Microsoft Visual Studio Solution File, Format Version 12.00
# Visual Studio Version 16
VisualStudioVersion = 16.0.30002.166
MinimumVisualStudioVersion = 10.0.40219.1
Project("{F2A71F9B-5D33-465A-A702-920D77279786}") = "P9", "P9.fsproj", "{452E745E-E2A5-4FCA-A10F-1E488DD79CDA}"
EndProject
Global
	GlobalSection(SolutionConfigurationPlatforms) = preSolution
		Debug|Any CPU = Debug|Any CPU
		Release|Any CPU = Release|Any CPU
	EndGlobalSection
	GlobalSection(ProjectConfigurationPlatforms) = postSolution
		{452E745E-E2A5-4FCA-A10F-1E488DD79CDA}.Debug|Any CPU.ActiveCfg = Debug|Any CPU
		{452E745E-E2A5-4FCA-A10F-1E488DD79CDA}.Debug|Any CPU.Build.0 = Debug|Any CPU
		{452E745E-E2A5-4FCA-A10F-1E488DD79CDA}.Release|Any CPU.ActiveCfg = Release|Any CPU
		{452E745E-E2A5-4FCA-A10F-1E488DD79CDA}.Release|Any CPU.Build.0 = Release|Any CPU
	EndGlobalSection
	GlobalSection(SolutionProperties) = preSolution
		HideSolutionNode = FALSE
	EndGlobalSection
	GlobalSection(ExtensibilityGlobals) = postSolution
		SolutionGuid = {2F409D91-CDFB-44EF-9A11-8AD64D68548C}
	EndGlobalSection
EndGlobal
