
Microsoft Visual Studio Solution File, Format Version 12.00
# Visual Studio Version 16
VisualStudioVersion = 16.0.30002.166
MinimumVisualStudioVersion = 10.0.40219.1
Project("{F2A71F9B-5D33-465A-A702-920D77279786}") = "P10", "P10.fsproj", "{DD3DC712-F51A-4371-8024-2B9D081AF3A9}"
EndProject
Global
	GlobalSection(SolutionConfigurationPlatforms) = preSolution
		Debug|Any CPU = Debug|Any CPU
		Release|Any CPU = Release|Any CPU
	EndGlobalSection
	GlobalSection(ProjectConfigurationPlatforms) = postSolution
		{DD3DC712-F51A-4371-8024-2B9D081AF3A9}.Debug|Any CPU.ActiveCfg = Debug|Any CPU
		{DD3DC712-F51A-4371-8024-2B9D081AF3A9}.Debug|Any CPU.Build.0 = Debug|Any CPU
		{DD3DC712-F51A-4371-8024-2B9D081AF3A9}.Release|Any CPU.ActiveCfg = Release|Any CPU
		{DD3DC712-F51A-4371-8024-2B9D081AF3A9}.Release|Any CPU.Build.0 = Release|Any CPU
	EndGlobalSection
	GlobalSection(SolutionProperties) = preSolution
		HideSolutionNode = FALSE
	EndGlobalSection
	GlobalSection(ExtensibilityGlobals) = postSolution
		SolutionGuid = {78C5759A-660D-417B-92EC-027A5B5A9943}
	EndGlobalSection
EndGlobal
