
Microsoft Visual Studio Solution File, Format Version 12.00
# Visual Studio Version 16
VisualStudioVersion = 16.0.30002.166
MinimumVisualStudioVersion = 10.0.40219.1
Project("{F2A71F9B-5D33-465A-A702-920D77279786}") = "P14", "P14.fsproj", "{4D57687D-92CD-45A1-974B-55168CD750A8}"
EndProject
Global
	GlobalSection(SolutionConfigurationPlatforms) = preSolution
		Debug|Any CPU = Debug|Any CPU
		Release|Any CPU = Release|Any CPU
	EndGlobalSection
	GlobalSection(ProjectConfigurationPlatforms) = postSolution
		{4D57687D-92CD-45A1-974B-55168CD750A8}.Debug|Any CPU.ActiveCfg = Debug|Any CPU
		{4D57687D-92CD-45A1-974B-55168CD750A8}.Debug|Any CPU.Build.0 = Debug|Any CPU
		{4D57687D-92CD-45A1-974B-55168CD750A8}.Release|Any CPU.ActiveCfg = Release|Any CPU
		{4D57687D-92CD-45A1-974B-55168CD750A8}.Release|Any CPU.Build.0 = Release|Any CPU
	EndGlobalSection
	GlobalSection(SolutionProperties) = preSolution
		HideSolutionNode = FALSE
	EndGlobalSection
	GlobalSection(ExtensibilityGlobals) = postSolution
		SolutionGuid = {B3760291-2901-454A-94E4-CCE464DF589E}
	EndGlobalSection
EndGlobal
