
Microsoft Visual Studio Solution File, Format Version 12.00
# Visual Studio Version 16
VisualStudioVersion = 16.0.30002.166
MinimumVisualStudioVersion = 10.0.40219.1
Project("{F2A71F9B-5D33-465A-A702-920D77279786}") = "P2", "P2.fsproj", "{AD6A456B-CC61-479D-9DC4-A822356FC78E}"
EndProject
Global
	GlobalSection(SolutionConfigurationPlatforms) = preSolution
		Debug|Any CPU = Debug|Any CPU
		Release|Any CPU = Release|Any CPU
	EndGlobalSection
	GlobalSection(ProjectConfigurationPlatforms) = postSolution
		{AD6A456B-CC61-479D-9DC4-A822356FC78E}.Debug|Any CPU.ActiveCfg = Debug|Any CPU
		{AD6A456B-CC61-479D-9DC4-A822356FC78E}.Debug|Any CPU.Build.0 = Debug|Any CPU
		{AD6A456B-CC61-479D-9DC4-A822356FC78E}.Release|Any CPU.ActiveCfg = Release|Any CPU
		{AD6A456B-CC61-479D-9DC4-A822356FC78E}.Release|Any CPU.Build.0 = Release|Any CPU
	EndGlobalSection
	GlobalSection(SolutionProperties) = preSolution
		HideSolutionNode = FALSE
	EndGlobalSection
	GlobalSection(ExtensibilityGlobals) = postSolution
		SolutionGuid = {E5992232-6077-456C-A8B4-A5454DB92853}
	EndGlobalSection
EndGlobal
