
Microsoft Visual Studio Solution File, Format Version 12.00
# Visual Studio Version 16
VisualStudioVersion = 16.0.30002.166
MinimumVisualStudioVersion = 10.0.40219.1
Project("{F2A71F9B-5D33-465A-A702-920D77279786}") = "P10", "P10.fsproj", "{E9758A3A-F391-4E58-85D2-919D6FB954DC}"
EndProject
Global
	GlobalSection(SolutionConfigurationPlatforms) = preSolution
		Debug|Any CPU = Debug|Any CPU
		Release|Any CPU = Release|Any CPU
	EndGlobalSection
	GlobalSection(ProjectConfigurationPlatforms) = postSolution
		{E9758A3A-F391-4E58-85D2-919D6FB954DC}.Debug|Any CPU.ActiveCfg = Debug|Any CPU
		{E9758A3A-F391-4E58-85D2-919D6FB954DC}.Debug|Any CPU.Build.0 = Debug|Any CPU
		{E9758A3A-F391-4E58-85D2-919D6FB954DC}.Release|Any CPU.ActiveCfg = Release|Any CPU
		{E9758A3A-F391-4E58-85D2-919D6FB954DC}.Release|Any CPU.Build.0 = Release|Any CPU
	EndGlobalSection
	GlobalSection(SolutionProperties) = preSolution
		HideSolutionNode = FALSE
	EndGlobalSection
	GlobalSection(ExtensibilityGlobals) = postSolution
		SolutionGuid = {E86EC888-0B25-4BBF-B0A2-736F68B148E1}
	EndGlobalSection
EndGlobal
