
Microsoft Visual Studio Solution File, Format Version 12.00
# Visual Studio Version 16
VisualStudioVersion = 16.0.30002.166
MinimumVisualStudioVersion = 10.0.40219.1
Project("{F2A71F9B-5D33-465A-A702-920D77279786}") = "P9", "P9.fsproj", "{69C0EDEF-2840-4CB7-ADA1-A4C310E131CC}"
EndProject
Global
	GlobalSection(SolutionConfigurationPlatforms) = preSolution
		Debug|Any CPU = Debug|Any CPU
		Release|Any CPU = Release|Any CPU
	EndGlobalSection
	GlobalSection(ProjectConfigurationPlatforms) = postSolution
		{69C0EDEF-2840-4CB7-ADA1-A4C310E131CC}.Debug|Any CPU.ActiveCfg = Debug|Any CPU
		{69C0EDEF-2840-4CB7-ADA1-A4C310E131CC}.Debug|Any CPU.Build.0 = Debug|Any CPU
		{69C0EDEF-2840-4CB7-ADA1-A4C310E131CC}.Release|Any CPU.ActiveCfg = Release|Any CPU
		{69C0EDEF-2840-4CB7-ADA1-A4C310E131CC}.Release|Any CPU.Build.0 = Release|Any CPU
	EndGlobalSection
	GlobalSection(SolutionProperties) = preSolution
		HideSolutionNode = FALSE
	EndGlobalSection
	GlobalSection(ExtensibilityGlobals) = postSolution
		SolutionGuid = {E145650C-2241-4029-A2A9-C7052096D024}
	EndGlobalSection
EndGlobal
